
Microsoft Visual Studio Solution File, Format Version 12.00
# Visual Studio 15
VisualStudioVersion = 15.0.28307.421
MinimumVisualStudioVersion = 10.0.40219.1
Project("{FAE04EC0-301F-11D3-BF4B-00C04F79EFBC}") = "APLiberary", "APLiberary\APLiberary.csproj", "{D2F3A20E-09D5-47D5-9809-93CA5D04EF36}"
EndProject
Global
	GlobalSection(SolutionConfigurationPlatforms) = preSolution
		Debug|Any CPU = Debug|Any CPU
		Release|Any CPU = Release|Any CPU
	EndGlobalSection
	GlobalSection(ProjectConfigurationPlatforms) = postSolution
		{D2F3A20E-09D5-47D5-9809-93CA5D04EF36}.Debug|Any CPU.ActiveCfg = Debug|Any CPU
		{D2F3A20E-09D5-47D5-9809-93CA5D04EF36}.Debug|Any CPU.Build.0 = Debug|Any CPU
		{D2F3A20E-09D5-47D5-9809-93CA5D04EF36}.Release|Any CPU.ActiveCfg = Release|Any CPU
		{D2F3A20E-09D5-47D5-9809-93CA5D04EF36}.Release|Any CPU.Build.0 = Release|Any CPU
	EndGlobalSection
	GlobalSection(SolutionProperties) = preSolution
		HideSolutionNode = FALSE
	EndGlobalSection
	GlobalSection(ExtensibilityGlobals) = postSolution
		SolutionGuid = {987E7964-8ECA-4C71-8E30-D63926623288}
	EndGlobalSection
EndGlobal
